
Microsoft Visual Studio Solution File, Format Version 12.00
# Visual Studio 15
VisualStudioVersion = 15.0.28307.779
MinimumVisualStudioVersion = 10.0.40219.1
Project("{FAE04EC0-301F-11D3-BF4B-00C04F79EFBC}") = "Friendly.UI.MVC", "Friendly.UI.MVC\Friendly.UI.MVC.csproj", "{037434B5-881B-48FC-A072-D155683CFF5C}"
EndProject
Global
	GlobalSection(SolutionConfigurationPlatforms) = preSolution
		Debug|Any CPU = Debug|Any CPU
		Release|Any CPU = Release|Any CPU
	EndGlobalSection
	GlobalSection(ProjectConfigurationPlatforms) = postSolution
		{037434B5-881B-48FC-A072-D155683CFF5C}.Debug|Any CPU.ActiveCfg = Debug|Any CPU
		{037434B5-881B-48FC-A072-D155683CFF5C}.Debug|Any CPU.Build.0 = Debug|Any CPU
		{037434B5-881B-48FC-A072-D155683CFF5C}.Release|Any CPU.ActiveCfg = Release|Any CPU
		{037434B5-881B-48FC-A072-D155683CFF5C}.Release|Any CPU.Build.0 = Release|Any CPU
	EndGlobalSection
	GlobalSection(SolutionProperties) = preSolution
		HideSolutionNode = FALSE
	EndGlobalSection
	GlobalSection(ExtensibilityGlobals) = postSolution
		SolutionGuid = {851A1BEF-FFFE-4DF3-94BF-24292E461B37}
	EndGlobalSection
EndGlobal
